Microsoft Visual Studio Solution File, Format Version 12.00
# Visual Studio Version 17
VisualStudioVersion = 17.5.2.0
MinimumVisualStudioVersion = 10.0.40219.1
Project("{FAE04EC0-301F-11D3-BF4B-00C04F79EFBC}") = "GroanZone", "GroanZone.csproj", "{8B4CF743-0496-B132-8CB1-14CD44911CCF}"
EndProject
Global
	GlobalSection(SolutionConfigurationPlatforms) = preSolution
		Debug|Any CPU = Debug|Any CPU
		Release|Any CPU = Release|Any CPU
	EndGlobalSection
	GlobalSection(ProjectConfigurationPlatforms) = postSolution
		{8B4CF743-0496-B132-8CB1-14CD44911CCF}.Debug|Any CPU.ActiveCfg = Debug|Any CPU
		{8B4CF743-0496-B132-8CB1-14CD44911CCF}.Debug|Any CPU.Build.0 = Debug|Any CPU
		{8B4CF743-0496-B132-8CB1-14CD44911CCF}.Release|Any CPU.ActiveCfg = Release|Any CPU
		{8B4CF743-0496-B132-8CB1-14CD44911CCF}.Release|Any CPU.Build.0 = Release|Any CPU
	EndGlobalSection
	GlobalSection(SolutionProperties) = preSolution
		HideSolutionNode = FALSE
	EndGlobalSection
	GlobalSection(ExtensibilityGlobals) = postSolution
		SolutionGuid = {DBC068BE-8D20-4CD0-B3A3-5617A4F00D00}
	EndGlobalSection
EndGlobal
